// !$*UTF8*$!
{
	archiveVersion = 1;
	classes = {
	};
	objectVersion = 46;
	objects = {

/* Begin PBXBuildFile section */
		B3337CC61C0D23C500BE5856 /* AppDelegate.swift in Sources */ = {isa = PBXBuildFile; fileRef = B3337CC51C0D23C500BE5856 /* AppDelegate.swift */; };
		B3337CCD1C0D23C500BE5856 /* Assets.xcassets in Resources */ = {isa = PBXBuildFile; fileRef = B3337CCC1C0D23C500BE5856 /* Assets.xcassets */; };
		B3337CD01C0D23C500BE5856 /* LaunchScreen.storyboard in Resources */ = {isa = PBXBuildFile; fileRef = B3337CCE1C0D23C500BE5856 /* LaunchScreen.storyboard */; };
		B3337CD91C0D243700BE5856 /* OldSchoolViewController.swift in Sources */ = {isa = PBXBuildFile; fileRef = B3337CD71C0D243700BE5856 /* OldSchoolViewController.swift */; };
		B3337CDA1C0D243700BE5856 /* OnSteroidsViewController.swift in Sources */ = {isa = PBXBuildFile; fileRef = B3337CD81C0D243700BE5856 /* OnSteroidsViewController.swift */; };
/* End PBXBuildFile section */

/* Begin PBXFileReference section */
		B3337CC21C0D23C500BE5856 /* iOS Example.app */ = {isa = PBXFileReference; explicitFileType = wrapper.application; includeInIndex = 0; path = "iOS Example.app"; sourceTree = BUILT_PRODUCTS_DIR; };
		B3337CC51C0D23C500BE5856 /* AppDelegate.swift */ = {isa = PBXFileReference; lastKnownFileType = sourcecode.swift; path = AppDelegate.swift; sourceTree = "<group>"; };
		B3337CCC1C0D23C500BE5856 /* Assets.xcassets */ = {isa = PBXFileReference; lastKnownFileType = folder.assetcatalog; path = Assets.xcassets; sourceTree = "<group>"; };
		B3337CCF1C0D23C500BE5856 /* Base */ = {isa = PBXFileReference; lastKnownFileType = file.storyboard; name = Base; path = Base.lproj/LaunchScreen.storyboard; sourceTree = "<group>"; };
		B3337CD11C0D23C500BE5856 /* Info.plist */ = {isa = PBXFileReference; lastKnownFileType = text.plist.xml; path = Info.plist; sourceTree = "<group>"; };
		B3337CD71C0D243700BE5856 /* OldSchoolViewController.swift */ = {isa = PBXFileReference; fileEncoding = 4; lastKnownFileType = sourcecode.swift; path = OldSchoolViewController.swift; sourceTree = "<group>"; };
		B3337CD81C0D243700BE5856 /* OnSteroidsViewController.swift */ = {isa = PBXFileReference; fileEncoding = 4; lastKnownFileType = sourcecode.swift; path = OnSteroidsViewController.swift; sourceTree = "<group>"; };
/* End PBXFileReference section */

/* Begin PBXFrameworksBuildPhase section */
		B3337CBF1C0D23C500BE5856 /* Frameworks */ = {
			isa = PBXFrameworksBuildPhase;
			buildActionMask = 2147483647;
			files = (
			);
			runOnlyForDeploymentPostprocessing = 0;
		};
/* End PBXFrameworksBuildPhase section */

/* Begin PBXGroup section */
		B3337CB91C0D23C500BE5856 = {
			isa = PBXGroup;
			children = (
				B3337CC41C0D23C500BE5856 /* iOS Example */,
				B3337CC31C0D23C500BE5856 /* Products */,
			);
			sourceTree = "<group>";
		};
		B3337CC31C0D23C500BE5856 /* Products */ = {
			isa = PBXGroup;
			children = (
				B3337CC21C0D23C500BE5856 /* iOS Example.app */,
			);
			name = Products;
			sourceTree = "<group>";
		};
		B3337CC41C0D23C500BE5856 /* iOS Example */ = {
			isa = PBXGroup;
			children = (
				B3337CC51C0D23C500BE5856 /* AppDelegate.swift */,
				B3337CD71C0D243700BE5856 /* OldSchoolViewController.swift */,
				B3337CD81C0D243700BE5856 /* OnSteroidsViewController.swift */,
				B3337CCC1C0D23C500BE5856 /* Assets.xcassets */,
				B3337CCE1C0D23C500BE5856 /* LaunchScreen.storyboard */,
				B3337CD11C0D23C500BE5856 /* Info.plist */,
			);
			path = "iOS Example";
			sourceTree = "<group>";
		};
/* End PBXGroup section */

/* Begin PBXNativeTarget section */
		B3337CC11C0D23C500BE5856 /* iOS Example */ = {
			isa = PBXNativeTarget;
			buildConfigurationList = B3337CD41C0D23C500BE5856 /* Build configuration list for PBXNativeTarget "iOS Example" */;
			buildPhases = (
				B3337CBE1C0D23C500BE5856 /* Sources */,
				B3337CBF1C0D23C500BE5856 /* Frameworks */,
				B3337CC01C0D23C500BE5856 /* Resources */,
			);
			buildRules = (
			);
			dependencies = (
			);
			name = "iOS Example";
			productName = "iOS Example";
			productReference = B3337CC21C0D23C500BE5856 /* iOS Example.app */;
			productType = "com.apple.product-type.application";
		};
/* End PBXNativeTarget section */

/* Begin PBXProject section */
		B3337CBA1C0D23C500BE5856 /* Project object */ = {
			isa = PBXProject;
			attributes = {
				LastSwiftUpdateCheck = 0710;
				LastUpgradeCheck = 0710;
				ORGANIZATIONNAME = "Rui Costa";
				TargetAttributes = {
					B3337CC11C0D23C500BE5856 = {
						CreatedOnToolsVersion = 7.1.1;
					};
				};
			};
			buildConfigurationList = B3337CBD1C0D23C500BE5856 /* Build configuration list for PBXProject "iOS Example" */;
			compatibilityVersion = "Xcode 3.2";
			developmentRegion = English;
			hasScannedForEncodings = 0;
			knownRegions = (
				en,
				Base,
			);
			mainGroup = B3337CB91C0D23C500BE5856;
			productRefGroup = B3337CC31C0D23C500BE5856 /* Products */;
			projectDirPath = "";
			projectRoot = "";
			targets = (
				B3337CC11C0D23C500BE5856 /* iOS Example */,
			);
		};
/* End PBXProject section */

/* Begin PBXResourcesBuildPhase section */
		B3337CC01C0D23C500BE5856 /* Resources */ = {
			isa = PBXResourcesBuildPhase;
			buildActionMask = 2147483647;
			files = (
				B3337CD01C0D23C500BE5856 /* LaunchScreen.storyboard in Resources */,
				B3337CCD1C0D23C500BE5856 /* Assets.xcassets in Resources */,
			);
			runOnlyForDeploymentPostprocessing = 0;
		};
/* End PBXResourcesBuildPhase section */

/* Begin PBXSourcesBuildPhase section */
		B3337CBE1C0D23C500BE5856 /* Sources */ = {
			isa = PBXSourcesBuildPhase;
			buildActionMask = 2147483647;
			files = (
				B3337CDA1C0D243700BE5856 /* OnSteroidsViewController.swift in Sources */,
				B3337CD91C0D243700BE5856 /* OldSchoolViewController.swift in Sources */,
				B3337CC61C0D23C500BE5856 /* AppDelegate.swift in Sources */,
			);
			runOnlyForDeploymentPostprocessing = 0;
		};
/* End PBXSourcesBuildPhase section */

/* Begin PBXVariantGroup section */
		B3337CCE1C0D23C500BE5856 /* LaunchScreen.storyboard */ = {
			isa = PBXVariantGroup;
			children = (
				B3337CCF1C0D23C500BE5856 /* Base */,
			);
			name = LaunchScreen.storyboard;
			sourceTree = "<group>";
		};
/* End PBXVariantGroup section */

/* Begin XCBuildConfiguration section */
		B3337CD21C0D23C500BE5856 /* Debug */ = {
			isa = XCBuildConfiguration;
			buildSettings = {
				ALWAYS_SEARCH_USER_PATHS = NO;
				CLANG_CXX_LANGUAGE_STANDARD = "gnu++0x";
				CLANG_CXX_LIBRARY = "libc++";
				CLANG_ENABLE_MODULES = YES;
				CLANG_ENABLE_OBJC_ARC = YES;
				CLANG_WARN_BOOL_CONVERSION = YES;
				CLANG_WARN_CONSTANT_CONVERSION = YES;
				CLANG_WARN_DIRECT_OBJC_ISA_USAGE = YES_ERROR;
				CLANG_WARN_EMPTY_BODY = YES;
				CLANG_WARN_ENUM_CONVERSION = YES;
				CLANG_WARN_INT_CONVERSION = YES;
				CLANG_WARN_OBJC_ROOT_CLASS = YES_ERROR;
				CLANG_WARN_UNREACHABLE_CODE = YES;
				CLANG_WARN__DUPLICATE_METHOD_MATCH = YES;
				"CODE_SIGN_IDENTITY[sdk=iphoneos*]" = "iPhone Developer";
				COPY_PHASE_STRIP = NO;
				DEBUG_INFORMATION_FORMAT = dwarf;
				ENABLE_STRICT_OBJC_MSGSEND = YES;
				ENABLE_TESTABILITY = YES;
				GCC_C_LANGUAGE_STANDARD = gnu99;
				GCC_DYNAMIC_NO_PIC = NO;
				GCC_NO_COMMON_BLOCKS = YES;
				GCC_OPTIMIZATION_LEVEL = 0;
				GCC_PREPROCESSOR_DEFINITIONS = (
					"DEBUG=1",
					"$(inherited)",
				);
				GCC_WARN_64_TO_32_BIT_CONVERSION = YES;
				GCC_WARN_ABOUT_RETURN_TYPE = YES_ERROR;
				GCC_WARN_UNDECLARED_SELECTOR = YES;
				GCC_WARN_UNINITIALIZED_AUTOS = YES_AGGRESSIVE;
				GCC_WARN_UNUSED_FUNCTION = YES;
				GCC_WARN_UNUSED_VARIABLE = YES;
				IPHONEOS_DEPLOYMENT_TARGET = 9.1;
				MTL_ENABLE_DEBUG_INFO = YES;
				ONLY_ACTIVE_ARCH = YES;
				SDKROOT = iphoneos;
				SWIFT_OPTIMIZATION_LEVEL = "-Onone";
			};
			name = Debug;
		};
		B3337CD31C0D23C500BE5856 /* Release */ = {
			isa = XCBuildConfiguration;
			buildSettings = {
				ALWAYS_SEARCH_USER_PATHS = NO;
				CLANG_CXX_LANGUAGE_STANDARD = "gnu++0x";
				CLANG_CXX_LIBRARY = "libc++";
				CLANG_ENABLE_MODULES = YES;
				CLANG_ENABLE_OBJC_ARC = YES;
				CLANG_WARN_BOOL_CONVERSION = YES;
				CLANG_WARN_CONSTANT_CONVERSION = YES;
				CLANG_WARN_DIRECT_OBJC_ISA_USAGE = YES_ERROR;
				CLANG_WARN_EMPTY_BODY = YES;
				CLANG_WARN_ENUM_CONVERSION = YES;
				CLANG_WARN_INT_CONVERSION = YES;
				CLANG_WARN_OBJC_ROOT_CLASS = YES_ERROR;
				CLANG_WARN_UNREACHABLE_CODE = YES;
				CLANG_WARN__DUPLICATE_METHOD_MATCH = YES;
				"CODE_SIGN_IDENTITY[sdk=iphoneos*]" = "iPhone Developer";
				COPY_PHASE_STRIP = NO;
				DEBUG_INFORMATION_FORMAT = "dwarf-with-dsym";
				ENABLE_NS_ASSERTIONS = NO;
				ENABLE_STRICT_OBJC_MSGSEND = YES;
				GCC_C_LANGUAGE_STANDARD = gnu99;
				GCC_NO_COMMON_BLOCKS = YES;
				GCC_WARN_64_TO_32_BIT_CONVERSION = YES;
				GCC_WARN_ABOUT_RETURN_TYPE = YES_ERROR;
				GCC_WARN_UNDECLARED_SELECTOR = YES;
				GCC_WARN_UNINITIALIZED_AUTOS = YES_AGGRESSIVE;
				GCC_WARN_UNUSED_FUNCTION = YES;
				GCC_WARN_UNUSED_VARIABLE = YES;
				IPHONEOS_DEPLOYMENT_TARGET = 9.1;
				MTL_ENABLE_DEBUG_INFO = NO;
				SDKROOT = iphoneos;
				VALIDATE_PRODUCT = YES;
			};
			name = Release;
		};
		B3337CD51C0D23C500BE5856 /* Debug */ = {
			isa = XCBuildConfiguration;
			buildSettings = {
				ASSETCATALOG_COMPILER_APPICON_NAME = AppIcon;
				INFOPLIST_FILE = "iOS Example/Info.plist";
				LD_RUNPATH_SEARCH_PATHS = "$(inherited) @executable_path/Frameworks";
				PRODUCT_BUNDLE_IDENTIFIER = "pt.ruicosta.iOS-Example";
				PRODUCT_NAME = "$(TARGET_NAME)";
			};
			name = Debug;
		};
		B3337CD61C0D23C500BE5856 /* Release */ = {
			isa = XCBuildConfiguration;
			buildSettings = {
				ASSETCATALOG_COMPILER_APPICON_NAME = AppIcon;
				INFOPLIST_FILE = "iOS Example/Info.plist";
				LD_RUNPATH_SEARCH_PATHS = "$(inherited) @executable_path/Frameworks";
				PRODUCT_BUNDLE_IDENTIFIER = "pt.ruicosta.iOS-Example";
				PRODUCT_NAME = "$(TARGET_NAME)";
			};
			name = Release;
		};
/* End XCBuildConfiguration section */

/* Begin XCConfigurationList section */
		B3337CBD1C0D23C500BE5856 /* Build configuration list for PBXProject "iOS Example" */ = {
			isa = XCConfigurationList;
			buildConfigurations = (
				B3337CD21C0D23C500BE5856 /* Debug */,
				B3337CD31C0D23C500BE5856 /* Release */,
			);
			defaultConfigurationIsVisible = 0;
			defaultConfigurationName = Release;
		};
		B3337CD41C0D23C500BE5856 /* Build configuration list for PBXNativeTarget "iOS Example" */ = {
			isa = XCConfigurationList;
			buildConfigurations = (
				B3337CD51C0D23C500BE5856 /* Debug */,
				B3337CD61C0D23C500BE5856 /* Release */,
			);
			defaultConfigurationIsVisible = 0;
			defaultConfigurationName = Release;
		};
/* End XCConfigurationList section */
	};
	rootObject = B3337CBA1C0D23C500BE5856 /* Project object */;
}
