// !$*UTF8*$!
{
	archiveVersion = 1;
	classes = {
	};
	objectVersion = 46;
	objects = {

/* Begin PBXBuildFile section */
		B3337CA11C0D215500BE5856 /* AutoLayoutPlus.h in Headers */ = {isa = PBXBuildFile; fileRef = B3337CA01C0D215500BE5856 /* AutoLayoutPlus.h */; settings = {ATTRIBUTES = (Public, ); }; };
		B3337CA81C0D215500BE5856 /* AutoLayoutPlus.framework in Frameworks */ = {isa = PBXBuildFile; fileRef = B3337C9D1C0D215500BE5856 /* AutoLayoutPlus.framework */; };
		B3337CAD1C0D215500BE5856 /* AutoLayoutPlusTests.swift in Sources */ = {isa = PBXBuildFile; fileRef = B3337CAC1C0D215500BE5856 /* AutoLayoutPlusTests.swift */; };
/* End PBXBuildFile section */

/* Begin PBXContainerItemProxy section */
		B3337CA91C0D215500BE5856 /* PBXContainerItemProxy */ = {
			isa = PBXContainerItemProxy;
			containerPortal = B3337C941C0D215500BE5856 /* Project object */;
			proxyType = 1;
			remoteGlobalIDString = B3337C9C1C0D215500BE5856;
			remoteInfo = AutoLayoutPlus;
		};
/* End PBXContainerItemProxy section */

/* Begin PBXFileReference section */
		B3337C9D1C0D215500BE5856 /* AutoLayoutPlus.framework */ = {isa = PBXFileReference; explicitFileType = wrapper.framework; includeInIndex = 0; path = AutoLayoutPlus.framework; sourceTree = BUILT_PRODUCTS_DIR; };
		B3337CA01C0D215500BE5856 /* AutoLayoutPlus.h */ = {isa = PBXFileReference; lastKnownFileType = sourcecode.c.h; path = AutoLayoutPlus.h; sourceTree = "<group>"; };
		B3337CA21C0D215500BE5856 /* Info.plist */ = {isa = PBXFileReference; lastKnownFileType = text.plist.xml; path = Info.plist; sourceTree = "<group>"; };
		B3337CA71C0D215500BE5856 /* AutoLayoutPlusTests.xctest */ = {isa = PBXFileReference; explicitFileType = wrapper.cfbundle; includeInIndex = 0; path = AutoLayoutPlusTests.xctest; sourceTree = BUILT_PRODUCTS_DIR; };
		B3337CAC1C0D215500BE5856 /* AutoLayoutPlusTests.swift */ = {isa = PBXFileReference; lastKnownFileType = sourcecode.swift; path = AutoLayoutPlusTests.swift; sourceTree = "<group>"; };
		B3337CAE1C0D215500BE5856 /* Info.plist */ = {isa = PBXFileReference; lastKnownFileType = text.plist.xml; path = Info.plist; sourceTree = "<group>"; };
/* End PBXFileReference section */

/* Begin PBXFrameworksBuildPhase section */
		B3337C991C0D215500BE5856 /* Frameworks */ = {
			isa = PBXFrameworksBuildPhase;
			buildActionMask = 2147483647;
			files = (
			);
			runOnlyForDeploymentPostprocessing = 0;
		};
		B3337CA41C0D215500BE5856 /* Frameworks */ = {
			isa = PBXFrameworksBuildPhase;
			buildActionMask = 2147483647;
			files = (
				B3337CA81C0D215500BE5856 /* AutoLayoutPlus.framework in Frameworks */,
			);
			runOnlyForDeploymentPostprocessing = 0;
		};
/* End PBXFrameworksBuildPhase section */

/* Begin PBXGroup section */
		B3337C931C0D215500BE5856 = {
			isa = PBXGroup;
			children = (
				B3337C9F1C0D215500BE5856 /* AutoLayoutPlus */,
				B3337CAB1C0D215500BE5856 /* AutoLayoutPlusTests */,
				B3337C9E1C0D215500BE5856 /* Products */,
			);
			sourceTree = "<group>";
		};
		B3337C9E1C0D215500BE5856 /* Products */ = {
			isa = PBXGroup;
			children = (
				B3337C9D1C0D215500BE5856 /* AutoLayoutPlus.framework */,
				B3337CA71C0D215500BE5856 /* AutoLayoutPlusTests.xctest */,
			);
			name = Products;
			sourceTree = "<group>";
		};
		B3337C9F1C0D215500BE5856 /* AutoLayoutPlus */ = {
			isa = PBXGroup;
			children = (
				B3337CA01C0D215500BE5856 /* AutoLayoutPlus.h */,
				B3337CA21C0D215500BE5856 /* Info.plist */,
			);
			path = AutoLayoutPlus;
			sourceTree = "<group>";
		};
		B3337CAB1C0D215500BE5856 /* AutoLayoutPlusTests */ = {
			isa = PBXGroup;
			children = (
				B3337CAC1C0D215500BE5856 /* AutoLayoutPlusTests.swift */,
				B3337CAE1C0D215500BE5856 /* Info.plist */,
			);
			path = AutoLayoutPlusTests;
			sourceTree = "<group>";
		};
/* End PBXGroup section */

/* Begin PBXHeadersBuildPhase section */
		B3337C9A1C0D215500BE5856 /* Headers */ = {
			isa = PBXHeadersBuildPhase;
			buildActionMask = 2147483647;
			files = (
				B3337CA11C0D215500BE5856 /* AutoLayoutPlus.h in Headers */,
			);
			runOnlyForDeploymentPostprocessing = 0;
		};
/* End PBXHeadersBuildPhase section */

/* Begin PBXNativeTarget section */
		B3337C9C1C0D215500BE5856 /* AutoLayoutPlus */ = {
			isa = PBXNativeTarget;
			buildConfigurationList = B3337CB11C0D215500BE5856 /* Build configuration list for PBXNativeTarget "AutoLayoutPlus" */;
			buildPhases = (
				B3337C981C0D215500BE5856 /* Sources */,
				B3337C991C0D215500BE5856 /* Frameworks */,
				B3337C9A1C0D215500BE5856 /* Headers */,
				B3337C9B1C0D215500BE5856 /* Resources */,
			);
			buildRules = (
			);
			dependencies = (
			);
			name = AutoLayoutPlus;
			productName = AutoLayoutPlus;
			productReference = B3337C9D1C0D215500BE5856 /* AutoLayoutPlus.framework */;
			productType = "com.apple.product-type.framework";
		};
		B3337CA61C0D215500BE5856 /* AutoLayoutPlusTests */ = {
			isa = PBXNativeTarget;
			buildConfigurationList = B3337CB41C0D215500BE5856 /* Build configuration list for PBXNativeTarget "AutoLayoutPlusTests" */;
			buildPhases = (
				B3337CA31C0D215500BE5856 /* Sources */,
				B3337CA41C0D215500BE5856 /* Frameworks */,
				B3337CA51C0D215500BE5856 /* Resources */,
			);
			buildRules = (
			);
			dependencies = (
				B3337CAA1C0D215500BE5856 /* PBXTargetDependency */,
			);
			name = AutoLayoutPlusTests;
			productName = AutoLayoutPlusTests;
			productReference = B3337CA71C0D215500BE5856 /* AutoLayoutPlusTests.xctest */;
			productType = "com.apple.product-type.bundle.unit-test";
		};
/* End PBXNativeTarget section */

/* Begin PBXProject section */
		B3337C941C0D215500BE5856 /* Project object */ = {
			isa = PBXProject;
			attributes = {
				LastSwiftUpdateCheck = 0710;
				LastUpgradeCheck = 0710;
				ORGANIZATIONNAME = "Rui Costa";
				TargetAttributes = {
					B3337C9C1C0D215500BE5856 = {
						CreatedOnToolsVersion = 7.1.1;
					};
					B3337CA61C0D215500BE5856 = {
						CreatedOnToolsVersion = 7.1.1;
					};
				};
			};
			buildConfigurationList = B3337C971C0D215500BE5856 /* Build configuration list for PBXProject "AutoLayoutPlus" */;
			compatibilityVersion = "Xcode 3.2";
			developmentRegion = English;
			hasScannedForEncodings = 0;
			knownRegions = (
				en,
			);
			mainGroup = B3337C931C0D215500BE5856;
			productRefGroup = B3337C9E1C0D215500BE5856 /* Products */;
			projectDirPath = "";
			projectRoot = "";
			targets = (
				B3337C9C1C0D215500BE5856 /* AutoLayoutPlus */,
				B3337CA61C0D215500BE5856 /* AutoLayoutPlusTests */,
			);
		};
/* End PBXProject section */

/* Begin PBXResourcesBuildPhase section */
		B3337C9B1C0D215500BE5856 /* Resources */ = {
			isa = PBXResourcesBuildPhase;
			buildActionMask = 2147483647;
			files = (
			);
			runOnlyForDeploymentPostprocessing = 0;
		};
		B3337CA51C0D215500BE5856 /* Resources */ = {
			isa = PBXResourcesBuildPhase;
			buildActionMask = 2147483647;
			files = (
			);
			runOnlyForDeploymentPostprocessing = 0;
		};
/* End PBXResourcesBuildPhase section */

/* Begin PBXSourcesBuildPhase section */
		B3337C981C0D215500BE5856 /* Sources */ = {
			isa = PBXSourcesBuildPhase;
			buildActionMask = 2147483647;
			files = (
			);
			runOnlyForDeploymentPostprocessing = 0;
		};
		B3337CA31C0D215500BE5856 /* Sources */ = {
			isa = PBXSourcesBuildPhase;
			buildActionMask = 2147483647;
			files = (
				B3337CAD1C0D215500BE5856 /* AutoLayoutPlusTests.swift in Sources */,
			);
			runOnlyForDeploymentPostprocessing = 0;
		};
/* End PBXSourcesBuildPhase section */

/* Begin PBXTargetDependency section */
		B3337CAA1C0D215500BE5856 /* PBXTargetDependency */ = {
			isa = PBXTargetDependency;
			target = B3337C9C1C0D215500BE5856 /* AutoLayoutPlus */;
			targetProxy = B3337CA91C0D215500BE5856 /* PBXContainerItemProxy */;
		};
/* End PBXTargetDependency section */

/* Begin XCBuildConfiguration section */
		B3337CAF1C0D215500BE5856 /* Debug */ = {
			isa = XCBuildConfiguration;
			buildSettings = {
				ALWAYS_SEARCH_USER_PATHS = NO;
				CLANG_CXX_LANGUAGE_STANDARD = "gnu++0x";
				CLANG_CXX_LIBRARY = "libc++";
				CLANG_ENABLE_MODULES = YES;
				CLANG_ENABLE_OBJC_ARC = YES;
				CLANG_WARN_BOOL_CONVERSION = YES;
				CLANG_WARN_CONSTANT_CONVERSION = YES;
				CLANG_WARN_DIRECT_OBJC_ISA_USAGE = YES_ERROR;
				CLANG_WARN_EMPTY_BODY = YES;
				CLANG_WARN_ENUM_CONVERSION = YES;
				CLANG_WARN_INT_CONVERSION = YES;
				CLANG_WARN_OBJC_ROOT_CLASS = YES_ERROR;
				CLANG_WARN_UNREACHABLE_CODE = YES;
				CLANG_WARN__DUPLICATE_METHOD_MATCH = YES;
				"CODE_SIGN_IDENTITY[sdk=iphoneos*]" = "iPhone Developer";
				COPY_PHASE_STRIP = NO;
				CURRENT_PROJECT_VERSION = 1;
				DEBUG_INFORMATION_FORMAT = dwarf;
				ENABLE_STRICT_OBJC_MSGSEND = YES;
				ENABLE_TESTABILITY = YES;
				GCC_C_LANGUAGE_STANDARD = gnu99;
				GCC_DYNAMIC_NO_PIC = NO;
				GCC_NO_COMMON_BLOCKS = YES;
				GCC_OPTIMIZATION_LEVEL = 0;
				GCC_PREPROCESSOR_DEFINITIONS = (
					"DEBUG=1",
					"$(inherited)",
				);
				GCC_WARN_64_TO_32_BIT_CONVERSION = YES;
				GCC_WARN_ABOUT_RETURN_TYPE = YES_ERROR;
				GCC_WARN_UNDECLARED_SELECTOR = YES;
				GCC_WARN_UNINITIALIZED_AUTOS = YES_AGGRESSIVE;
				GCC_WARN_UNUSED_FUNCTION = YES;
				GCC_WARN_UNUSED_VARIABLE = YES;
				IPHONEOS_DEPLOYMENT_TARGET = 9.1;
				MTL_ENABLE_DEBUG_INFO = YES;
				ONLY_ACTIVE_ARCH = YES;
				SDKROOT = iphoneos;
				SWIFT_OPTIMIZATION_LEVEL = "-Onone";
				TARGETED_DEVICE_FAMILY = "1,2";
				VERSIONING_SYSTEM = "apple-generic";
				VERSION_INFO_PREFIX = "";
			};
			name = Debug;
		};
		B3337CB01C0D215500BE5856 /* Release */ = {
			isa = XCBuildConfiguration;
			buildSettings = {
				ALWAYS_SEARCH_USER_PATHS = NO;
				CLANG_CXX_LANGUAGE_STANDARD = "gnu++0x";
				CLANG_CXX_LIBRARY = "libc++";
				CLANG_ENABLE_MODULES = YES;
				CLANG_ENABLE_OBJC_ARC = YES;
				CLANG_WARN_BOOL_CONVERSION = YES;
				CLANG_WARN_CONSTANT_CONVERSION = YES;
				CLANG_WARN_DIRECT_OBJC_ISA_USAGE = YES_ERROR;
				CLANG_WARN_EMPTY_BODY = YES;
				CLANG_WARN_ENUM_CONVERSION = YES;
				CLANG_WARN_INT_CONVERSION = YES;
				CLANG_WARN_OBJC_ROOT_CLASS = YES_ERROR;
				CLANG_WARN_UNREACHABLE_CODE = YES;
				CLANG_WARN__DUPLICATE_METHOD_MATCH = YES;
				"CODE_SIGN_IDENTITY[sdk=iphoneos*]" = "iPhone Developer";
				COPY_PHASE_STRIP = NO;
				CURRENT_PROJECT_VERSION = 1;
				DEBUG_INFORMATION_FORMAT = "dwarf-with-dsym";
				ENABLE_NS_ASSERTIONS = NO;
				ENABLE_STRICT_OBJC_MSGSEND = YES;
				GCC_C_LANGUAGE_STANDARD = gnu99;
				GCC_NO_COMMON_BLOCKS = YES;
				GCC_WARN_64_TO_32_BIT_CONVERSION = YES;
				GCC_WARN_ABOUT_RETURN_TYPE = YES_ERROR;
				GCC_WARN_UNDECLARED_SELECTOR = YES;
				GCC_WARN_UNINITIALIZED_AUTOS = YES_AGGRESSIVE;
				GCC_WARN_UNUSED_FUNCTION = YES;
				GCC_WARN_UNUSED_VARIABLE = YES;
				IPHONEOS_DEPLOYMENT_TARGET = 9.1;
				MTL_ENABLE_DEBUG_INFO = NO;
				SDKROOT = iphoneos;
				TARGETED_DEVICE_FAMILY = "1,2";
				VALIDATE_PRODUCT = YES;
				VERSIONING_SYSTEM = "apple-generic";
				VERSION_INFO_PREFIX = "";
			};
			name = Release;
		};
		B3337CB21C0D215500BE5856 /* Debug */ = {
			isa = XCBuildConfiguration;
			buildSettings = {
				DEFINES_MODULE = YES;
				DYLIB_COMPATIBILITY_VERSION = 1;
				DYLIB_CURRENT_VERSION = 1;
				DYLIB_INSTALL_NAME_BASE = "@rpath";
				INFOPLIST_FILE = AutoLayoutPlus/Info.plist;
				INSTALL_PATH = "$(LOCAL_LIBRARY_DIR)/Frameworks";
				LD_RUNPATH_SEARCH_PATHS = "$(inherited) @executable_path/Frameworks @loader_path/Frameworks";
				PRODUCT_BUNDLE_IDENTIFIER = pt.ruicosta.AutoLayoutPlus;
				PRODUCT_NAME = "$(TARGET_NAME)";
				SKIP_INSTALL = YES;
			};
			name = Debug;
		};
		B3337CB31C0D215500BE5856 /* Release */ = {
			isa = XCBuildConfiguration;
			buildSettings = {
				DEFINES_MODULE = YES;
				DYLIB_COMPATIBILITY_VERSION = 1;
				DYLIB_CURRENT_VERSION = 1;
				DYLIB_INSTALL_NAME_BASE = "@rpath";
				INFOPLIST_FILE = AutoLayoutPlus/Info.plist;
				INSTALL_PATH = "$(LOCAL_LIBRARY_DIR)/Frameworks";
				LD_RUNPATH_SEARCH_PATHS = "$(inherited) @executable_path/Frameworks @loader_path/Frameworks";
				PRODUCT_BUNDLE_IDENTIFIER = pt.ruicosta.AutoLayoutPlus;
				PRODUCT_NAME = "$(TARGET_NAME)";
				SKIP_INSTALL = YES;
			};
			name = Release;
		};
		B3337CB51C0D215500BE5856 /* Debug */ = {
			isa = XCBuildConfiguration;
			buildSettings = {
				INFOPLIST_FILE = AutoLayoutPlusTests/Info.plist;
				LD_RUNPATH_SEARCH_PATHS = "$(inherited) @executable_path/Frameworks @loader_path/Frameworks";
				PRODUCT_BUNDLE_IDENTIFIER = pt.ruicosta.AutoLayoutPlusTests;
				PRODUCT_NAME = "$(TARGET_NAME)";
			};
			name = Debug;
		};
		B3337CB61C0D215500BE5856 /* Release */ = {
			isa = XCBuildConfiguration;
			buildSettings = {
				INFOPLIST_FILE = AutoLayoutPlusTests/Info.plist;
				LD_RUNPATH_SEARCH_PATHS = "$(inherited) @executable_path/Frameworks @loader_path/Frameworks";
				PRODUCT_BUNDLE_IDENTIFIER = pt.ruicosta.AutoLayoutPlusTests;
				PRODUCT_NAME = "$(TARGET_NAME)";
			};
			name = Release;
		};
/* End XCBuildConfiguration section */

/* Begin XCConfigurationList section */
		B3337C971C0D215500BE5856 /* Build configuration list for PBXProject "AutoLayoutPlus" */ = {
			isa = XCConfigurationList;
			buildConfigurations = (
				B3337CAF1C0D215500BE5856 /* Debug */,
				B3337CB01C0D215500BE5856 /* Release */,
			);
			defaultConfigurationIsVisible = 0;
			defaultConfigurationName = Release;
		};
		B3337CB11C0D215500BE5856 /* Build configuration list for PBXNativeTarget "AutoLayoutPlus" */ = {
			isa = XCConfigurationList;
			buildConfigurations = (
				B3337CB21C0D215500BE5856 /* Debug */,
				B3337CB31C0D215500BE5856 /* Release */,
			);
			defaultConfigurationIsVisible = 0;
		};
		B3337CB41C0D215500BE5856 /* Build configuration list for PBXNativeTarget "AutoLayoutPlusTests" */ = {
			isa = XCConfigurationList;
			buildConfigurations = (
				B3337CB51C0D215500BE5856 /* Debug */,
				B3337CB61C0D215500BE5856 /* Release */,
			);
			defaultConfigurationIsVisible = 0;
		};
/* End XCConfigurationList section */
	};
	rootObject = B3337C941C0D215500BE5856 /* Project object */;
}
